{
  "pid": 42918,
  "port": 3020,
  "timestamp": "2025-07-21T03:52:07.268Z",
  "command": "/Users/danielkwon/.nvm/versions/node/v22.17.0/bin/node /Users/danielkwon/DantaroWalletPro/frontend/super-admin-dashboard/port-manager.js dev",
  "cwd": "/Users/danielkwon/DantaroWalletPro/frontend/super-admin-dashboard"
}